
Microsoft Visual Studio Solution File, Format Version 12.00
# Visual Studio Version 17
VisualStudioVersion = 17.3.32929.385
MinimumVisualStudioVersion = 10.0.40219.1
Project("{9A19103F-16F7-4668-BE54-9A1E7A4F7556}") = "EmulatorRC.API", "src\EmulatorRC.API\EmulatorRC.API.csproj", "{1683AA39-7770-4E07-96CF-2247F815E9FF}"
EndProject
Project("{2150E333-8FDC-42A3-9474-1A3956D46DE8}") = "src", "src", "{E0353DBC-A15E-4CAF-A036-4A97BFD01D36}"
EndProject
Project("{2150E333-8FDC-42A3-9474-1A3956D46DE8}") = "test", "test", "{D1F78C27-B9B6-4D71-8E24-0407634BEF6E}"
EndProject
Project("{9A19103F-16F7-4668-BE54-9A1E7A4F7556}") = "EmulatorRC", "src\EmulatorRC\EmulatorRC.csproj", "{70708D76-DC47-46C9-9525-FBA84010D6BB}"
EndProject
Project("{9A19103F-16F7-4668-BE54-9A1E7A4F7556}") = "EmulatorRC.IntegrationTests", "test\EmulatorRC.IntegrationTests\EmulatorRC.IntegrationTests.csproj", "{D4AD959C-3ED2-4EC6-8063-689D30FD5FBD}"
EndProject
Project("{9A19103F-16F7-4668-BE54-9A1E7A4F7556}") = "Benchmarks", "test\Benchmarks\Benchmarks.csproj", "{558B2648-FFF5-43DC-BF91-42AC09E6E2CE}"
EndProject
Project("{9A19103F-16F7-4668-BE54-9A1E7A4F7556}") = "EmulatorRC.UnitTests", "test\EmulatorRC.UnitTests\EmulatorRC.UnitTests.csproj", "{F815B2F8-FE5E-4ABE-9A96-46DF2E3D85E7}"
EndProject
Project("{9A19103F-16F7-4668-BE54-9A1E7A4F7556}") = "EmulatorRC.Client", "test\EmulatorRC.Client\EmulatorRC.Client.csproj", "{99B969E9-D599-4F51-B6A1-69BA0CCB6D5A}"
EndProject
Project("{2150E333-8FDC-42A3-9474-1A3956D46DE8}") = "lib", "lib", "{9DE71ED2-5278-49CE-989F-1E9B591E266B}"
EndProject
Project("{9A19103F-16F7-4668-BE54-9A1E7A4F7556}") = "EmulatorHub", "src\EmulatorHub\EmulatorHub.csproj", "{4FEE9568-CBB0-4C1A-8DF1-C1781FC669F4}"
EndProject
Project("{9A19103F-16F7-4668-BE54-9A1E7A4F7556}") = "EmulatorHub.API", "src\EmulatorHub.API\EmulatorHub.API.csproj", "{1C2C24F6-4625-4342-8B36-BF7F4D636B4A}"
EndProject
Project("{9A19103F-16F7-4668-BE54-9A1E7A4F7556}") = "EmulatorHub.Infrastructure", "src\EmulatorHub.Infrastructure\EmulatorHub.Infrastructure.csproj", "{A24253B4-381C-4F45-937D-2B2D786EC4F6}"
EndProject
Project("{2150E333-8FDC-42A3-9474-1A3956D46DE8}") = "docker", "docker", "{9CACD2D9-EB03-4BC4-937B-8AB13FDAB265}"
	ProjectSection(SolutionItems) = preProject
		docker\.env = docker\.env
		docker\docker-compose.yml = docker\docker-compose.yml
	EndProjectSection
EndProject
Project("{9A19103F-16F7-4668-BE54-9A1E7A4F7556}") = "EmulatorHub.MySqlMigrations", "data\EmulatorHub.MySqlMigrations\EmulatorHub.MySqlMigrations.csproj", "{04B59EFB-EE4E-44A9-9380-759BFA23DB07}"
EndProject
Project("{2150E333-8FDC-42A3-9474-1A3956D46DE8}") = "data", "data", "{02ABA0C0-9B55-4791-B615-7286E4DA11E2}"
EndProject
Project("{9A19103F-16F7-4668-BE54-9A1E7A4F7556}") = "EmulatorHub.IntegrationTests", "test\EmulatorHub.IntegrationTests\EmulatorHub.IntegrationTests.csproj", "{10C5B4CB-EE9D-4E0B-875F-46E0F5F5FA4B}"
EndProject
Global
	GlobalSection(SolutionConfigurationPlatforms) = preSolution
		Debug|Any CPU = Debug|Any CPU
		Release|Any CPU = Release|Any CPU
	EndGlobalSection
	GlobalSection(ProjectConfigurationPlatforms) = postSolution
		{1683AA39-7770-4E07-96CF-2247F815E9FF}.Debug|Any CPU.ActiveCfg = Debug|Any CPU
		{1683AA39-7770-4E07-96CF-2247F815E9FF}.Debug|Any CPU.Build.0 = Debug|Any CPU
		{1683AA39-7770-4E07-96CF-2247F815E9FF}.Release|Any CPU.ActiveCfg = Release|Any CPU
		{1683AA39-7770-4E07-96CF-2247F815E9FF}.Release|Any CPU.Build.0 = Release|Any CPU
		{70708D76-DC47-46C9-9525-FBA84010D6BB}.Debug|Any CPU.ActiveCfg = Debug|Any CPU
		{70708D76-DC47-46C9-9525-FBA84010D6BB}.Debug|Any CPU.Build.0 = Debug|Any CPU
		{70708D76-DC47-46C9-9525-FBA84010D6BB}.Release|Any CPU.ActiveCfg = Release|Any CPU
		{70708D76-DC47-46C9-9525-FBA84010D6BB}.Release|Any CPU.Build.0 = Release|Any CPU
		{D4AD959C-3ED2-4EC6-8063-689D30FD5FBD}.Debug|Any CPU.ActiveCfg = Debug|Any CPU
		{D4AD959C-3ED2-4EC6-8063-689D30FD5FBD}.Debug|Any CPU.Build.0 = Debug|Any CPU
		{D4AD959C-3ED2-4EC6-8063-689D30FD5FBD}.Release|Any CPU.ActiveCfg = Release|Any CPU
		{D4AD959C-3ED2-4EC6-8063-689D30FD5FBD}.Release|Any CPU.Build.0 = Release|Any CPU
		{558B2648-FFF5-43DC-BF91-42AC09E6E2CE}.Debug|Any CPU.ActiveCfg = Debug|Any CPU
		{558B2648-FFF5-43DC-BF91-42AC09E6E2CE}.Debug|Any CPU.Build.0 = Debug|Any CPU
		{558B2648-FFF5-43DC-BF91-42AC09E6E2CE}.Release|Any CPU.ActiveCfg = Release|Any CPU
		{558B2648-FFF5-43DC-BF91-42AC09E6E2CE}.Release|Any CPU.Build.0 = Release|Any CPU
		{F815B2F8-FE5E-4ABE-9A96-46DF2E3D85E7}.Debug|Any CPU.ActiveCfg = Debug|Any CPU
		{F815B2F8-FE5E-4ABE-9A96-46DF2E3D85E7}.Debug|Any CPU.Build.0 = Debug|Any CPU
		{F815B2F8-FE5E-4ABE-9A96-46DF2E3D85E7}.Release|Any CPU.ActiveCfg = Release|Any CPU
		{F815B2F8-FE5E-4ABE-9A96-46DF2E3D85E7}.Release|Any CPU.Build.0 = Release|Any CPU
		{99B969E9-D599-4F51-B6A1-69BA0CCB6D5A}.Debug|Any CPU.ActiveCfg = Debug|Any CPU
		{99B969E9-D599-4F51-B6A1-69BA0CCB6D5A}.Debug|Any CPU.Build.0 = Debug|Any CPU
		{99B969E9-D599-4F51-B6A1-69BA0CCB6D5A}.Release|Any CPU.ActiveCfg = Release|Any CPU
		{99B969E9-D599-4F51-B6A1-69BA0CCB6D5A}.Release|Any CPU.Build.0 = Release|Any CPU
		{4FEE9568-CBB0-4C1A-8DF1-C1781FC669F4}.Debug|Any CPU.ActiveCfg = Debug|Any CPU
		{4FEE9568-CBB0-4C1A-8DF1-C1781FC669F4}.Debug|Any CPU.Build.0 = Debug|Any CPU
		{4FEE9568-CBB0-4C1A-8DF1-C1781FC669F4}.Release|Any CPU.ActiveCfg = Release|Any CPU
		{4FEE9568-CBB0-4C1A-8DF1-C1781FC669F4}.Release|Any CPU.Build.0 = Release|Any CPU
		{1C2C24F6-4625-4342-8B36-BF7F4D636B4A}.Debug|Any CPU.ActiveCfg = Debug|Any CPU
		{1C2C24F6-4625-4342-8B36-BF7F4D636B4A}.Debug|Any CPU.Build.0 = Debug|Any CPU
		{1C2C24F6-4625-4342-8B36-BF7F4D636B4A}.Release|Any CPU.ActiveCfg = Release|Any CPU
		{1C2C24F6-4625-4342-8B36-BF7F4D636B4A}.Release|Any CPU.Build.0 = Release|Any CPU
		{A24253B4-381C-4F45-937D-2B2D786EC4F6}.Debug|Any CPU.ActiveCfg = Debug|Any CPU
		{A24253B4-381C-4F45-937D-2B2D786EC4F6}.Debug|Any CPU.Build.0 = Debug|Any CPU
		{A24253B4-381C-4F45-937D-2B2D786EC4F6}.Release|Any CPU.ActiveCfg = Release|Any CPU
		{A24253B4-381C-4F45-937D-2B2D786EC4F6}.Release|Any CPU.Build.0 = Release|Any CPU
		{04B59EFB-EE4E-44A9-9380-759BFA23DB07}.Debug|Any CPU.ActiveCfg = Debug|Any CPU
		{04B59EFB-EE4E-44A9-9380-759BFA23DB07}.Debug|Any CPU.Build.0 = Debug|Any CPU
		{04B59EFB-EE4E-44A9-9380-759BFA23DB07}.Release|Any CPU.ActiveCfg = Release|Any CPU
		{04B59EFB-EE4E-44A9-9380-759BFA23DB07}.Release|Any CPU.Build.0 = Release|Any CPU
		{10C5B4CB-EE9D-4E0B-875F-46E0F5F5FA4B}.Debug|Any CPU.ActiveCfg = Debug|Any CPU
		{10C5B4CB-EE9D-4E0B-875F-46E0F5F5FA4B}.Debug|Any CPU.Build.0 = Debug|Any CPU
		{10C5B4CB-EE9D-4E0B-875F-46E0F5F5FA4B}.Release|Any CPU.ActiveCfg = Release|Any CPU
		{10C5B4CB-EE9D-4E0B-875F-46E0F5F5FA4B}.Release|Any CPU.Build.0 = Release|Any CPU
	EndGlobalSection
	GlobalSection(SolutionProperties) = preSolution
		HideSolutionNode = FALSE
	EndGlobalSection
	GlobalSection(NestedProjects) = preSolution
		{1683AA39-7770-4E07-96CF-2247F815E9FF} = {E0353DBC-A15E-4CAF-A036-4A97BFD01D36}
		{70708D76-DC47-46C9-9525-FBA84010D6BB} = {E0353DBC-A15E-4CAF-A036-4A97BFD01D36}
		{D4AD959C-3ED2-4EC6-8063-689D30FD5FBD} = {D1F78C27-B9B6-4D71-8E24-0407634BEF6E}
		{558B2648-FFF5-43DC-BF91-42AC09E6E2CE} = {D1F78C27-B9B6-4D71-8E24-0407634BEF6E}
		{F815B2F8-FE5E-4ABE-9A96-46DF2E3D85E7} = {D1F78C27-B9B6-4D71-8E24-0407634BEF6E}
		{99B969E9-D599-4F51-B6A1-69BA0CCB6D5A} = {D1F78C27-B9B6-4D71-8E24-0407634BEF6E}
		{4FEE9568-CBB0-4C1A-8DF1-C1781FC669F4} = {E0353DBC-A15E-4CAF-A036-4A97BFD01D36}
		{1C2C24F6-4625-4342-8B36-BF7F4D636B4A} = {E0353DBC-A15E-4CAF-A036-4A97BFD01D36}
		{A24253B4-381C-4F45-937D-2B2D786EC4F6} = {E0353DBC-A15E-4CAF-A036-4A97BFD01D36}
		{04B59EFB-EE4E-44A9-9380-759BFA23DB07} = {02ABA0C0-9B55-4791-B615-7286E4DA11E2}
		{10C5B4CB-EE9D-4E0B-875F-46E0F5F5FA4B} = {D1F78C27-B9B6-4D71-8E24-0407634BEF6E}
	EndGlobalSection
	GlobalSection(ExtensibilityGlobals) = postSolution
		SolutionGuid = {FC8D204D-5A9E-4019-AAE1-96FA5B8A99BB}
	EndGlobalSection
EndGlobal
