
Microsoft Visual Studio Solution File, Format Version 12.00
# Visual Studio Version 17
VisualStudioVersion = 17.3.32929.385
MinimumVisualStudioVersion = 10.0.40219.1
Project("{9A19103F-16F7-4668-BE54-9A1E7A4F7556}") = "EmulatorRC.API", "src\EmulatorRC.API\EmulatorRC.API.csproj", "{1683AA39-7770-4E07-96CF-2247F815E9FF}"
EndProject
Project("{2150E333-8FDC-42A3-9474-1A3956D46DE8}") = "src", "src", "{E0353DBC-A15E-4CAF-A036-4A97BFD01D36}"
EndProject
Project("{2150E333-8FDC-42A3-9474-1A3956D46DE8}") = "test", "test", "{D1F78C27-B9B6-4D71-8E24-0407634BEF6E}"
EndProject
Project("{9A19103F-16F7-4668-BE54-9A1E7A4F7556}") = "EmulatorRC", "src\EmulatorRC\EmulatorRC.csproj", "{70708D76-DC47-46C9-9525-FBA84010D6BB}"
EndProject
Project("{9A19103F-16F7-4668-BE54-9A1E7A4F7556}") = "EmulatorRC.IntegrationTests", "test\EmulatorRC.IntegrationTests\EmulatorRC.IntegrationTests.csproj", "{D4AD959C-3ED2-4EC6-8063-689D30FD5FBD}"
EndProject
Project("{9A19103F-16F7-4668-BE54-9A1E7A4F7556}") = "Benchmarks", "test\Benchmarks\Benchmarks.csproj", "{558B2648-FFF5-43DC-BF91-42AC09E6E2CE}"
EndProject
Project("{9A19103F-16F7-4668-BE54-9A1E7A4F7556}") = "EmulatorRC.UnitTests", "test\EmulatorRC.UnitTests\EmulatorRC.UnitTests.csproj", "{F815B2F8-FE5E-4ABE-9A96-46DF2E3D85E7}"
EndProject
Project("{9A19103F-16F7-4668-BE54-9A1E7A4F7556}") = "EmulatorRC.Client", "test\EmulatorRC.Client\EmulatorRC.Client.csproj", "{99B969E9-D599-4F51-B6A1-69BA0CCB6D5A}"
EndProject
Project("{2150E333-8FDC-42A3-9474-1A3956D46DE8}") = "lib", "lib", "{9DE71ED2-5278-49CE-989F-1E9B591E266B}"
EndProject
Project("{9A19103F-16F7-4668-BE54-9A1E7A4F7556}") = "EmulatorHub", "src\EmulatorHub\EmulatorHub.csproj", "{4FEE9568-CBB0-4C1A-8DF1-C1781FC669F4}"
EndProject
Project("{9A19103F-16F7-4668-BE54-9A1E7A4F7556}") = "EmulatorHub.API", "src\EmulatorHub.API\EmulatorHub.API.csproj", "{1C2C24F6-4625-4342-8B36-BF7F4D636B4A}"
EndProject
Project("{9A19103F-16F7-4668-BE54-9A1E7A4F7556}") = "EmulatorHub.Infrastructure", "src\EmulatorHub.Infrastructure\EmulatorHub.Infrastructure.csproj", "{A24253B4-381C-4F45-937D-2B2D786EC4F6}"
EndProject
Project("{2150E333-8FDC-42A3-9474-1A3956D46DE8}") = "docker", "docker", "{9CACD2D9-EB03-4BC4-937B-8AB13FDAB265}"
	ProjectSection(SolutionItems) = preProject
		docker\.env = docker\.env
		docker\docker-compose.metrics.yml = docker\docker-compose.metrics.yml
		docker\docker-compose.yml = docker\docker-compose.yml
	EndProjectSection
EndProject
Project("{9A19103F-16F7-4668-BE54-9A1E7A4F7556}") = "EmulatorHub.MySqlMigrations", "data\EmulatorHub.MySqlMigrations\EmulatorHub.MySqlMigrations.csproj", "{04B59EFB-EE4E-44A9-9380-759BFA23DB07}"
EndProject
Project("{2150E333-8FDC-42A3-9474-1A3956D46DE8}") = "data", "data", "{02ABA0C0-9B55-4791-B615-7286E4DA11E2}"
EndProject
Project("{9A19103F-16F7-4668-BE54-9A1E7A4F7556}") = "EmulatorHub.IntegrationTests", "test\EmulatorHub.IntegrationTests\EmulatorHub.IntegrationTests.csproj", "{10C5B4CB-EE9D-4E0B-875F-46E0F5F5FA4B}"
EndProject
Project("{9A19103F-16F7-4668-BE54-9A1E7A4F7556}") = "Commons.Core", "..\Commons\src\Commons.Core\Commons.Core.csproj", "{1C466929-81AC-4919-9008-BBBC064B5C2B}"
EndProject
Project("{9A19103F-16F7-4668-BE54-9A1E7A4F7556}") = "Commons.Cache", "..\Commons\src\Commons.Cache\Commons.Cache.csproj", "{F075DD39-932E-4636-8B90-49DE69A18E35}"
EndProject
Project("{9A19103F-16F7-4668-BE54-9A1E7A4F7556}") = "NetCoreServer", "..\Commons\src\NetCoreServer\source\NetCoreServer\NetCoreServer.csproj", "{FA9EC2C4-D1EE-4211-BA25-5BF4983D055D}"
EndProject
Project("{2150E333-8FDC-42A3-9474-1A3956D46DE8}") = "resources", "resources", "{F2095A28-4416-4C68-A6C3-47E85084EE91}"
EndProject
Project("{2150E333-8FDC-42A3-9474-1A3956D46DE8}") = "images", "images", "{9E9B1FA0-C2AA-4DE3-87CA-4649766A57C1}"
EndProject
Project("{2150E333-8FDC-42A3-9474-1A3956D46DE8}") = "droidcam", "droidcam", "{742E4C65-D99D-4A53-8146-FD1A487F0715}"
	ProjectSection(SolutionItems) = preProject
		resources\images\droidcam\1280x720.jpg = resources\images\droidcam\1280x720.jpg
		resources\images\droidcam\1920x1080.jpg = resources\images\droidcam\1920x1080.jpg
		resources\images\droidcam\640x480.jpg = resources\images\droidcam\640x480.jpg
	EndProjectSection
EndProject
Project("{2150E333-8FDC-42A3-9474-1A3956D46DE8}") = "test", "test", "{173484FC-5CDA-4B59-A1E7-44E5D1B0E51C}"
	ProjectSection(SolutionItems) = preProject
		resources\images\test\test-img-1.jpg = resources\images\test\test-img-1.jpg
	EndProjectSection
EndProject
#-----------------------------------------------------------------------------------------------------------------------------------------------------------
Project("{9A19103F-16F7-4668-BE54-9A1E7A4F7556}") = "Vayosoft", "..\Vayosoft\src\Vayosoft\Vayosoft.csproj", "{46F5BD59-F246-4382-8E67-8822CE42EAF7}"
EndProject
Project("{9A19103F-16F7-4668-BE54-9A1E7A4F7556}") = "Vayosoft.AutoMapper", "..\Vayosoft\src\Vayosoft.AutoMapper\Vayosoft.AutoMapper.csproj", "{0F011BAF-DBAA-42EB-B0C6-92C3A7C6AB74}"
EndProject
Project("{9A19103F-16F7-4668-BE54-9A1E7A4F7556}") = "Vayosoft.Caching", "..\Vayosoft\src\Vayosoft.Caching\Vayosoft.Caching.csproj", "{43ACA127-A3C0-4FB6-988F-532A329889A1}"
EndProject
Project("{9A19103F-16F7-4668-BE54-9A1E7A4F7556}") = "Vayosoft.EntityFramework.MySQL", "..\Vayosoft\src\Vayosoft.EntityFramework.MySQL\Vayosoft.EntityFramework.MySQL.csproj", "{05FBD802-EB9C-462D-8BAB-562ECE5CDC6E}"
EndProject
Project("{9A19103F-16F7-4668-BE54-9A1E7A4F7556}") = "Vayosoft.Identity", "..\Vayosoft\src\Vayosoft.Identity\Vayosoft.Identity.csproj", "{2A3601DF-5A43-47C7-BF9D-77687780BED8}"
EndProject
Project("{9A19103F-16F7-4668-BE54-9A1E7A4F7556}") = "Vayosoft.Identity.EntityFramework", "..\Vayosoft\src\Vayosoft.Identity.EntityFramework\Vayosoft.Identity.EntityFramework.csproj", "{B1893DCE-51D1-49F1-8B98-163CFE56C477}"
EndProject
Project("{9A19103F-16F7-4668-BE54-9A1E7A4F7556}") = "Vayosoft.Persistence.EntityFramework", "..\Vayosoft\src\Vayosoft.Persistence.EntityFramework\Vayosoft.Persistence.EntityFramework.csproj", "{956C74F2-31D9-431B-AFAF-35521074FC1A}"
EndProject
Project("{9A19103F-16F7-4668-BE54-9A1E7A4F7556}") = "Vayosoft.PushBrokers", "..\Vayosoft\src\Vayosoft.PushBrokers\Vayosoft.PushBrokers.csproj", "{B6EB8384-24ED-4079-A8CC-1EDF686BF5AB}"
EndProject
Project("{9A19103F-16F7-4668-BE54-9A1E7A4F7556}") = "Vayosoft.SmsBrokers", "..\Vayosoft\src\Vayosoft.SmsBrokers\Vayosoft.SmsBrokers.csproj", "{D17AC340-58D9-440E-9126-96288E88D9CF}"
EndProject
Project("{9A19103F-16F7-4668-BE54-9A1E7A4F7556}") = "Vayosoft.Testing", "..\Vayosoft\src\Vayosoft.Testing\Vayosoft.Testing.csproj", "{4F18671A-6937-4FB0-9C0E-47B547CE2434}"
EndProject
Project("{9A19103F-16F7-4668-BE54-9A1E7A4F7556}") = "Vayosoft.Threading", "..\Vayosoft\src\Vayosoft.Threading\Vayosoft.Threading.csproj", "{7F6C9FD1-359E-4C4B-882B-00E3E9F58310}"
EndProject
Project("{9A19103F-16F7-4668-BE54-9A1E7A4F7556}") = "Vayosoft.Web.Identity", "..\Vayosoft\src\Vayosoft.Web.Identity\Vayosoft.Web.Identity.csproj", "{502F3DD7-FB57-41CC-8D47-4EAC8A093768}"
EndProject
Project("{9A19103F-16F7-4668-BE54-9A1E7A4F7556}") = "Vayosoft.Web", "..\Vayosoft\src\Vayosoft.Web\Vayosoft.Web.csproj", "{A43BA97E-4ED0-45C6-B073-9821073A5C93}"
EndProject
#-----------------------------------------------------------------------------------------------------------------------------------------------------------
Global
	GlobalSection(SolutionConfigurationPlatforms) = preSolution
		Debug|Any CPU = Debug|Any CPU
		Release|Any CPU = Release|Any CPU
	EndGlobalSection
	GlobalSection(ProjectConfigurationPlatforms) = postSolution
		{1683AA39-7770-4E07-96CF-2247F815E9FF}.Debug|Any CPU.ActiveCfg = Debug|Any CPU
		{1683AA39-7770-4E07-96CF-2247F815E9FF}.Debug|Any CPU.Build.0 = Debug|Any CPU
		{1683AA39-7770-4E07-96CF-2247F815E9FF}.Release|Any CPU.ActiveCfg = Release|Any CPU
		{1683AA39-7770-4E07-96CF-2247F815E9FF}.Release|Any CPU.Build.0 = Release|Any CPU
		{70708D76-DC47-46C9-9525-FBA84010D6BB}.Debug|Any CPU.ActiveCfg = Debug|Any CPU
		{70708D76-DC47-46C9-9525-FBA84010D6BB}.Debug|Any CPU.Build.0 = Debug|Any CPU
		{70708D76-DC47-46C9-9525-FBA84010D6BB}.Release|Any CPU.ActiveCfg = Release|Any CPU
		{70708D76-DC47-46C9-9525-FBA84010D6BB}.Release|Any CPU.Build.0 = Release|Any CPU
		{D4AD959C-3ED2-4EC6-8063-689D30FD5FBD}.Debug|Any CPU.ActiveCfg = Debug|Any CPU
		{D4AD959C-3ED2-4EC6-8063-689D30FD5FBD}.Debug|Any CPU.Build.0 = Debug|Any CPU
		{D4AD959C-3ED2-4EC6-8063-689D30FD5FBD}.Release|Any CPU.ActiveCfg = Release|Any CPU
		{D4AD959C-3ED2-4EC6-8063-689D30FD5FBD}.Release|Any CPU.Build.0 = Release|Any CPU
		{558B2648-FFF5-43DC-BF91-42AC09E6E2CE}.Debug|Any CPU.ActiveCfg = Debug|Any CPU
		{558B2648-FFF5-43DC-BF91-42AC09E6E2CE}.Debug|Any CPU.Build.0 = Debug|Any CPU
		{558B2648-FFF5-43DC-BF91-42AC09E6E2CE}.Release|Any CPU.ActiveCfg = Release|Any CPU
		{558B2648-FFF5-43DC-BF91-42AC09E6E2CE}.Release|Any CPU.Build.0 = Release|Any CPU
		{F815B2F8-FE5E-4ABE-9A96-46DF2E3D85E7}.Debug|Any CPU.ActiveCfg = Debug|Any CPU
		{F815B2F8-FE5E-4ABE-9A96-46DF2E3D85E7}.Debug|Any CPU.Build.0 = Debug|Any CPU
		{F815B2F8-FE5E-4ABE-9A96-46DF2E3D85E7}.Release|Any CPU.ActiveCfg = Release|Any CPU
		{F815B2F8-FE5E-4ABE-9A96-46DF2E3D85E7}.Release|Any CPU.Build.0 = Release|Any CPU
		{99B969E9-D599-4F51-B6A1-69BA0CCB6D5A}.Debug|Any CPU.ActiveCfg = Debug|Any CPU
		{99B969E9-D599-4F51-B6A1-69BA0CCB6D5A}.Debug|Any CPU.Build.0 = Debug|Any CPU
		{99B969E9-D599-4F51-B6A1-69BA0CCB6D5A}.Release|Any CPU.ActiveCfg = Release|Any CPU
		{99B969E9-D599-4F51-B6A1-69BA0CCB6D5A}.Release|Any CPU.Build.0 = Release|Any CPU
		{4FEE9568-CBB0-4C1A-8DF1-C1781FC669F4}.Debug|Any CPU.ActiveCfg = Debug|Any CPU
		{4FEE9568-CBB0-4C1A-8DF1-C1781FC669F4}.Debug|Any CPU.Build.0 = Debug|Any CPU
		{4FEE9568-CBB0-4C1A-8DF1-C1781FC669F4}.Release|Any CPU.ActiveCfg = Release|Any CPU
		{4FEE9568-CBB0-4C1A-8DF1-C1781FC669F4}.Release|Any CPU.Build.0 = Release|Any CPU
		{1C2C24F6-4625-4342-8B36-BF7F4D636B4A}.Debug|Any CPU.ActiveCfg = Debug|Any CPU
		{1C2C24F6-4625-4342-8B36-BF7F4D636B4A}.Debug|Any CPU.Build.0 = Debug|Any CPU
		{1C2C24F6-4625-4342-8B36-BF7F4D636B4A}.Release|Any CPU.ActiveCfg = Release|Any CPU
		{1C2C24F6-4625-4342-8B36-BF7F4D636B4A}.Release|Any CPU.Build.0 = Release|Any CPU
		{A24253B4-381C-4F45-937D-2B2D786EC4F6}.Debug|Any CPU.ActiveCfg = Debug|Any CPU
		{A24253B4-381C-4F45-937D-2B2D786EC4F6}.Debug|Any CPU.Build.0 = Debug|Any CPU
		{A24253B4-381C-4F45-937D-2B2D786EC4F6}.Release|Any CPU.ActiveCfg = Release|Any CPU
		{A24253B4-381C-4F45-937D-2B2D786EC4F6}.Release|Any CPU.Build.0 = Release|Any CPU
		{04B59EFB-EE4E-44A9-9380-759BFA23DB07}.Debug|Any CPU.ActiveCfg = Debug|Any CPU
		{04B59EFB-EE4E-44A9-9380-759BFA23DB07}.Debug|Any CPU.Build.0 = Debug|Any CPU
		{04B59EFB-EE4E-44A9-9380-759BFA23DB07}.Release|Any CPU.ActiveCfg = Release|Any CPU
		{04B59EFB-EE4E-44A9-9380-759BFA23DB07}.Release|Any CPU.Build.0 = Release|Any CPU
		{10C5B4CB-EE9D-4E0B-875F-46E0F5F5FA4B}.Debug|Any CPU.ActiveCfg = Debug|Any CPU
		{10C5B4CB-EE9D-4E0B-875F-46E0F5F5FA4B}.Debug|Any CPU.Build.0 = Debug|Any CPU
		{10C5B4CB-EE9D-4E0B-875F-46E0F5F5FA4B}.Release|Any CPU.ActiveCfg = Release|Any CPU
		{10C5B4CB-EE9D-4E0B-875F-46E0F5F5FA4B}.Release|Any CPU.Build.0 = Release|Any CPU
		{1C466929-81AC-4919-9008-BBBC064B5C2B}.Debug|Any CPU.ActiveCfg = Debug|Any CPU
		{1C466929-81AC-4919-9008-BBBC064B5C2B}.Debug|Any CPU.Build.0 = Debug|Any CPU
		{1C466929-81AC-4919-9008-BBBC064B5C2B}.Release|Any CPU.ActiveCfg = Release|Any CPU
		{1C466929-81AC-4919-9008-BBBC064B5C2B}.Release|Any CPU.Build.0 = Release|Any CPU
		{F075DD39-932E-4636-8B90-49DE69A18E35}.Debug|Any CPU.ActiveCfg = Debug|Any CPU
		{F075DD39-932E-4636-8B90-49DE69A18E35}.Debug|Any CPU.Build.0 = Debug|Any CPU
		{F075DD39-932E-4636-8B90-49DE69A18E35}.Release|Any CPU.ActiveCfg = Release|Any CPU
		{F075DD39-932E-4636-8B90-49DE69A18E35}.Release|Any CPU.Build.0 = Release|Any CPU
		{FA9EC2C4-D1EE-4211-BA25-5BF4983D055D}.Debug|Any CPU.ActiveCfg = Debug|Any CPU
		{FA9EC2C4-D1EE-4211-BA25-5BF4983D055D}.Debug|Any CPU.Build.0 = Debug|Any CPU
		{FA9EC2C4-D1EE-4211-BA25-5BF4983D055D}.Release|Any CPU.ActiveCfg = Release|Any CPU
		{FA9EC2C4-D1EE-4211-BA25-5BF4983D055D}.Release|Any CPU.Build.0 = Release|Any CPU
		{46F5BD59-F246-4382-8E67-8822CE42EAF7}.Debug|Any CPU.ActiveCfg = Debug|Any CPU
		{46F5BD59-F246-4382-8E67-8822CE42EAF7}.Debug|Any CPU.Build.0 = Debug|Any CPU
		{46F5BD59-F246-4382-8E67-8822CE42EAF7}.Release|Any CPU.ActiveCfg = Release|Any CPU
		{46F5BD59-F246-4382-8E67-8822CE42EAF7}.Release|Any CPU.Build.0 = Release|Any CPU
		{0F011BAF-DBAA-42EB-B0C6-92C3A7C6AB74}.Debug|Any CPU.ActiveCfg = Debug|Any CPU
		{0F011BAF-DBAA-42EB-B0C6-92C3A7C6AB74}.Debug|Any CPU.Build.0 = Debug|Any CPU
		{0F011BAF-DBAA-42EB-B0C6-92C3A7C6AB74}.Release|Any CPU.ActiveCfg = Release|Any CPU
		{0F011BAF-DBAA-42EB-B0C6-92C3A7C6AB74}.Release|Any CPU.Build.0 = Release|Any CPU
		{43ACA127-A3C0-4FB6-988F-532A329889A1}.Debug|Any CPU.ActiveCfg = Debug|Any CPU
		{43ACA127-A3C0-4FB6-988F-532A329889A1}.Debug|Any CPU.Build.0 = Debug|Any CPU
		{43ACA127-A3C0-4FB6-988F-532A329889A1}.Release|Any CPU.ActiveCfg = Release|Any CPU
		{43ACA127-A3C0-4FB6-988F-532A329889A1}.Release|Any CPU.Build.0 = Release|Any CPU
		{05FBD802-EB9C-462D-8BAB-562ECE5CDC6E}.Debug|Any CPU.ActiveCfg = Debug|Any CPU
		{05FBD802-EB9C-462D-8BAB-562ECE5CDC6E}.Debug|Any CPU.Build.0 = Debug|Any CPU
		{05FBD802-EB9C-462D-8BAB-562ECE5CDC6E}.Release|Any CPU.ActiveCfg = Release|Any CPU
		{05FBD802-EB9C-462D-8BAB-562ECE5CDC6E}.Release|Any CPU.Build.0 = Release|Any CPU
		{2A3601DF-5A43-47C7-BF9D-77687780BED8}.Debug|Any CPU.ActiveCfg = Debug|Any CPU
		{2A3601DF-5A43-47C7-BF9D-77687780BED8}.Debug|Any CPU.Build.0 = Debug|Any CPU
		{2A3601DF-5A43-47C7-BF9D-77687780BED8}.Release|Any CPU.ActiveCfg = Release|Any CPU
		{2A3601DF-5A43-47C7-BF9D-77687780BED8}.Release|Any CPU.Build.0 = Release|Any CPU
		{B1893DCE-51D1-49F1-8B98-163CFE56C477}.Debug|Any CPU.ActiveCfg = Debug|Any CPU
		{B1893DCE-51D1-49F1-8B98-163CFE56C477}.Debug|Any CPU.Build.0 = Debug|Any CPU
		{B1893DCE-51D1-49F1-8B98-163CFE56C477}.Release|Any CPU.ActiveCfg = Release|Any CPU
		{B1893DCE-51D1-49F1-8B98-163CFE56C477}.Release|Any CPU.Build.0 = Release|Any CPU
		{956C74F2-31D9-431B-AFAF-35521074FC1A}.Debug|Any CPU.ActiveCfg = Debug|Any CPU
		{956C74F2-31D9-431B-AFAF-35521074FC1A}.Debug|Any CPU.Build.0 = Debug|Any CPU
		{956C74F2-31D9-431B-AFAF-35521074FC1A}.Release|Any CPU.ActiveCfg = Release|Any CPU
		{956C74F2-31D9-431B-AFAF-35521074FC1A}.Release|Any CPU.Build.0 = Release|Any CPU
		{B6EB8384-24ED-4079-A8CC-1EDF686BF5AB}.Debug|Any CPU.ActiveCfg = Debug|Any CPU
		{B6EB8384-24ED-4079-A8CC-1EDF686BF5AB}.Debug|Any CPU.Build.0 = Debug|Any CPU
		{B6EB8384-24ED-4079-A8CC-1EDF686BF5AB}.Release|Any CPU.ActiveCfg = Release|Any CPU
		{B6EB8384-24ED-4079-A8CC-1EDF686BF5AB}.Release|Any CPU.Build.0 = Release|Any CPU
		{D17AC340-58D9-440E-9126-96288E88D9CF}.Debug|Any CPU.ActiveCfg = Debug|Any CPU
		{D17AC340-58D9-440E-9126-96288E88D9CF}.Debug|Any CPU.Build.0 = Debug|Any CPU
		{D17AC340-58D9-440E-9126-96288E88D9CF}.Release|Any CPU.ActiveCfg = Release|Any CPU
		{D17AC340-58D9-440E-9126-96288E88D9CF}.Release|Any CPU.Build.0 = Release|Any CPU
		{4F18671A-6937-4FB0-9C0E-47B547CE2434}.Debug|Any CPU.ActiveCfg = Debug|Any CPU
		{4F18671A-6937-4FB0-9C0E-47B547CE2434}.Debug|Any CPU.Build.0 = Debug|Any CPU
		{4F18671A-6937-4FB0-9C0E-47B547CE2434}.Release|Any CPU.ActiveCfg = Release|Any CPU
		{4F18671A-6937-4FB0-9C0E-47B547CE2434}.Release|Any CPU.Build.0 = Release|Any CPU
		{7F6C9FD1-359E-4C4B-882B-00E3E9F58310}.Debug|Any CPU.ActiveCfg = Debug|Any CPU
		{7F6C9FD1-359E-4C4B-882B-00E3E9F58310}.Debug|Any CPU.Build.0 = Debug|Any CPU
		{7F6C9FD1-359E-4C4B-882B-00E3E9F58310}.Release|Any CPU.ActiveCfg = Release|Any CPU
		{7F6C9FD1-359E-4C4B-882B-00E3E9F58310}.Release|Any CPU.Build.0 = Release|Any CPU
		{502F3DD7-FB57-41CC-8D47-4EAC8A093768}.Debug|Any CPU.ActiveCfg = Debug|Any CPU
		{502F3DD7-FB57-41CC-8D47-4EAC8A093768}.Debug|Any CPU.Build.0 = Debug|Any CPU
		{502F3DD7-FB57-41CC-8D47-4EAC8A093768}.Release|Any CPU.ActiveCfg = Release|Any CPU
		{502F3DD7-FB57-41CC-8D47-4EAC8A093768}.Release|Any CPU.Build.0 = Release|Any CPU
		{A43BA97E-4ED0-45C6-B073-9821073A5C93}.Debug|Any CPU.ActiveCfg = Debug|Any CPU
		{A43BA97E-4ED0-45C6-B073-9821073A5C93}.Debug|Any CPU.Build.0 = Debug|Any CPU
		{A43BA97E-4ED0-45C6-B073-9821073A5C93}.Release|Any CPU.ActiveCfg = Release|Any CPU
		{A43BA97E-4ED0-45C6-B073-9821073A5C93}.Release|Any CPU.Build.0 = Release|Any CPU
	EndGlobalSection
	GlobalSection(SolutionProperties) = preSolution
		HideSolutionNode = FALSE
	EndGlobalSection
	GlobalSection(NestedProjects) = preSolution
		{1683AA39-7770-4E07-96CF-2247F815E9FF} = {E0353DBC-A15E-4CAF-A036-4A97BFD01D36}
		{70708D76-DC47-46C9-9525-FBA84010D6BB} = {E0353DBC-A15E-4CAF-A036-4A97BFD01D36}
		{D4AD959C-3ED2-4EC6-8063-689D30FD5FBD} = {D1F78C27-B9B6-4D71-8E24-0407634BEF6E}
		{558B2648-FFF5-43DC-BF91-42AC09E6E2CE} = {D1F78C27-B9B6-4D71-8E24-0407634BEF6E}
		{F815B2F8-FE5E-4ABE-9A96-46DF2E3D85E7} = {D1F78C27-B9B6-4D71-8E24-0407634BEF6E}
		{99B969E9-D599-4F51-B6A1-69BA0CCB6D5A} = {D1F78C27-B9B6-4D71-8E24-0407634BEF6E}
		{4FEE9568-CBB0-4C1A-8DF1-C1781FC669F4} = {E0353DBC-A15E-4CAF-A036-4A97BFD01D36}
		{1C2C24F6-4625-4342-8B36-BF7F4D636B4A} = {E0353DBC-A15E-4CAF-A036-4A97BFD01D36}
		{A24253B4-381C-4F45-937D-2B2D786EC4F6} = {E0353DBC-A15E-4CAF-A036-4A97BFD01D36}
		{04B59EFB-EE4E-44A9-9380-759BFA23DB07} = {02ABA0C0-9B55-4791-B615-7286E4DA11E2}
		{10C5B4CB-EE9D-4E0B-875F-46E0F5F5FA4B} = {D1F78C27-B9B6-4D71-8E24-0407634BEF6E}
		{1C466929-81AC-4919-9008-BBBC064B5C2B} = {9DE71ED2-5278-49CE-989F-1E9B591E266B}
		{F075DD39-932E-4636-8B90-49DE69A18E35} = {9DE71ED2-5278-49CE-989F-1E9B591E266B}
		{FA9EC2C4-D1EE-4211-BA25-5BF4983D055D} = {9DE71ED2-5278-49CE-989F-1E9B591E266B}
		{9E9B1FA0-C2AA-4DE3-87CA-4649766A57C1} = {F2095A28-4416-4C68-A6C3-47E85084EE91}
		{742E4C65-D99D-4A53-8146-FD1A487F0715} = {9E9B1FA0-C2AA-4DE3-87CA-4649766A57C1}
		{173484FC-5CDA-4B59-A1E7-44E5D1B0E51C} = {9E9B1FA0-C2AA-4DE3-87CA-4649766A57C1}
		{46F5BD59-F246-4382-8E67-8822CE42EAF7} = {9DE71ED2-5278-49CE-989F-1E9B591E266B}
		{0F011BAF-DBAA-42EB-B0C6-92C3A7C6AB74} = {9DE71ED2-5278-49CE-989F-1E9B591E266B}
		{43ACA127-A3C0-4FB6-988F-532A329889A1} = {9DE71ED2-5278-49CE-989F-1E9B591E266B}
		{05FBD802-EB9C-462D-8BAB-562ECE5CDC6E} = {9DE71ED2-5278-49CE-989F-1E9B591E266B}
		{2A3601DF-5A43-47C7-BF9D-77687780BED8} = {9DE71ED2-5278-49CE-989F-1E9B591E266B}
		{B1893DCE-51D1-49F1-8B98-163CFE56C477} = {9DE71ED2-5278-49CE-989F-1E9B591E266B}
		{956C74F2-31D9-431B-AFAF-35521074FC1A} = {9DE71ED2-5278-49CE-989F-1E9B591E266B}
		{B6EB8384-24ED-4079-A8CC-1EDF686BF5AB} = {9DE71ED2-5278-49CE-989F-1E9B591E266B}
		{D17AC340-58D9-440E-9126-96288E88D9CF} = {9DE71ED2-5278-49CE-989F-1E9B591E266B}
		{4F18671A-6937-4FB0-9C0E-47B547CE2434} = {9DE71ED2-5278-49CE-989F-1E9B591E266B}
		{7F6C9FD1-359E-4C4B-882B-00E3E9F58310} = {9DE71ED2-5278-49CE-989F-1E9B591E266B}
		{502F3DD7-FB57-41CC-8D47-4EAC8A093768} = {9DE71ED2-5278-49CE-989F-1E9B591E266B}
		{A43BA97E-4ED0-45C6-B073-9821073A5C93} = {9DE71ED2-5278-49CE-989F-1E9B591E266B}
	EndGlobalSection
	GlobalSection(ExtensibilityGlobals) = postSolution
		SolutionGuid = {FC8D204D-5A9E-4019-AAE1-96FA5B8A99BB}
	EndGlobalSection
EndGlobal
