
Microsoft Visual Studio Solution File, Format Version 12.00
# Visual Studio Version 17
VisualStudioVersion = 17.3.32929.385
MinimumVisualStudioVersion = 10.0.40219.1
Project("{9A19103F-16F7-4668-BE54-9A1E7A4F7556}") = "EmulatorRC.API", "src\EmulatorRC.API\EmulatorRC.API.csproj", "{1683AA39-7770-4E07-96CF-2247F815E9FF}"
EndProject
Project("{2150E333-8FDC-42A3-9474-1A3956D46DE8}") = "src", "src", "{E0353DBC-A15E-4CAF-A036-4A97BFD01D36}"
EndProject
Project("{2150E333-8FDC-42A3-9474-1A3956D46DE8}") = "tests", "tests", "{D1F78C27-B9B6-4D71-8E24-0407634BEF6E}"
EndProject
Global
	GlobalSection(SolutionConfigurationPlatforms) = preSolution
		Debug|Any CPU = Debug|Any CPU
		Release|Any CPU = Release|Any CPU
	EndGlobalSection
	GlobalSection(ProjectConfigurationPlatforms) = postSolution
		{1683AA39-7770-4E07-96CF-2247F815E9FF}.Debug|Any CPU.ActiveCfg = Debug|Any CPU
		{1683AA39-7770-4E07-96CF-2247F815E9FF}.Debug|Any CPU.Build.0 = Debug|Any CPU
		{1683AA39-7770-4E07-96CF-2247F815E9FF}.Release|Any CPU.ActiveCfg = Release|Any CPU
		{1683AA39-7770-4E07-96CF-2247F815E9FF}.Release|Any CPU.Build.0 = Release|Any CPU
	EndGlobalSection
	GlobalSection(SolutionProperties) = preSolution
		HideSolutionNode = FALSE
	EndGlobalSection
	GlobalSection(NestedProjects) = preSolution
		{1683AA39-7770-4E07-96CF-2247F815E9FF} = {E0353DBC-A15E-4CAF-A036-4A97BFD01D36}
	EndGlobalSection
	GlobalSection(ExtensibilityGlobals) = postSolution
		SolutionGuid = {FC8D204D-5A9E-4019-AAE1-96FA5B8A99BB}
	EndGlobalSection
EndGlobal
